
Microsoft Visual Studio Solution File, Format Version 12.00
# Visual Studio Version 17
VisualStudioVersion = 17.8.34525.116
MinimumVisualStudioVersion = 10.0.40219.1
Project("{FAE04EC0-301F-11D3-BF4B-00C04F79EFBC}") = "Week15OOPAndFiles", "Week15OOPAndFiles\Week15OOPAndFiles.csproj", "{F7195D13-B745-481E-8A54-D4D46329E50D}"
EndProject
Global
	GlobalSection(SolutionConfigurationPlatforms) = preSolution
		Debug|Any CPU = Debug|Any CPU
		Release|Any CPU = Release|Any CPU
	EndGlobalSection
	GlobalSection(ProjectConfigurationPlatforms) = postSolution
		{F7195D13-B745-481E-8A54-D4D46329E50D}.Debug|Any CPU.ActiveCfg = Debug|Any CPU
		{F7195D13-B745-481E-8A54-D4D46329E50D}.Debug|Any CPU.Build.0 = Debug|Any CPU
		{F7195D13-B745-481E-8A54-D4D46329E50D}.Release|Any CPU.ActiveCfg = Release|Any CPU
		{F7195D13-B745-481E-8A54-D4D46329E50D}.Release|Any CPU.Build.0 = Release|Any CPU
	EndGlobalSection
	GlobalSection(SolutionProperties) = preSolution
		HideSolutionNode = FALSE
	EndGlobalSection
	GlobalSection(ExtensibilityGlobals) = postSolution
		SolutionGuid = {CB1D7A9E-170E-4241-B325-B596965D086F}
	EndGlobalSection
EndGlobal
